// !$*UTF8*$!
{
	archiveVersion = 1;
	classes = {
	};
	objectVersion = 56;
	objects = {

/* Begin PBXBuildFile section */
		434CA202290087220033CBAF /* AppView.swift in Sources */ = {isa = PBXBuildFile; fileRef = 434CA201290087220033CBAF /* AppView.swift */; };
		434CA204290094150033CBAF /* HeaderView.swift in Sources */ = {isa = PBXBuildFile; fileRef = 434CA203290094150033CBAF /* HeaderView.swift */; };
		434CA2062901BB6A0033CBAF /* HeaderModel.swift in Sources */ = {isa = PBXBuildFile; fileRef = 434CA2052901BB6A0033CBAF /* HeaderModel.swift */; };
		434CA2082901BE000033CBAF /* HeaderData.swift in Sources */ = {isa = PBXBuildFile; fileRef = 434CA2072901BE000033CBAF /* HeaderData.swift */; };
		434CA20A2901C0900033CBAF /* DishesView.swift in Sources */ = {isa = PBXBuildFile; fileRef = 434CA2092901C0900033CBAF /* DishesView.swift */; };
		434CA20C2901D7B90033CBAF /* FactsView.swift in Sources */ = {isa = PBXBuildFile; fileRef = 434CA20B2901D7B90033CBAF /* FactsView.swift */; };
		434CA20E2904242E0033CBAF /* FactModel.swift in Sources */ = {isa = PBXBuildFile; fileRef = 434CA20D2904242E0033CBAF /* FactModel.swift */; };
		434CA210290424EE0033CBAF /* FactData.swift in Sources */ = {isa = PBXBuildFile; fileRef = 434CA20F290424EE0033CBAF /* FactData.swift */; };
		434CA212290427A70033CBAF /* RecipeModel.swift in Sources */ = {isa = PBXBuildFile; fileRef = 434CA211290427A70033CBAF /* RecipeModel.swift */; };
		434CA214290428050033CBAF /* RecipeData.swift in Sources */ = {isa = PBXBuildFile; fileRef = 434CA213290428050033CBAF /* RecipeData.swift */; };
		434CA216290429900033CBAF /* RecipeCardView.swift in Sources */ = {isa = PBXBuildFile; fileRef = 434CA215290429900033CBAF /* RecipeCardView.swift */; };
		434CA2182904348B0033CBAF /* RecipeRatingView.swift in Sources */ = {isa = PBXBuildFile; fileRef = 434CA2172904348B0033CBAF /* RecipeRatingView.swift */; };
		434CA21A290434EF0033CBAF /* RecipeCookingView.swift in Sources */ = {isa = PBXBuildFile; fileRef = 434CA219290434EF0033CBAF /* RecipeCookingView.swift */; };
		434CA21C290435550033CBAF /* RecipeDetailView.swift in Sources */ = {isa = PBXBuildFile; fileRef = 434CA21B290435550033CBAF /* RecipeDetailView.swift */; };
		434CA21E290579250033CBAF /* RipeningView.swift in Sources */ = {isa = PBXBuildFile; fileRef = 434CA21D290579250033CBAF /* RipeningView.swift */; };
		434CA22029057EFC0033CBAF /* RipeningModel.swift in Sources */ = {isa = PBXBuildFile; fileRef = 434CA21F29057EFC0033CBAF /* RipeningModel.swift */; };
		434CA22229057F440033CBAF /* RipeningData.swift in Sources */ = {isa = PBXBuildFile; fileRef = 434CA22129057F440033CBAF /* RipeningData.swift */; };
		4351461029005C8700678882 /* AvocadosApp.swift in Sources */ = {isa = PBXBuildFile; fileRef = 4351460F29005C8700678882 /* AvocadosApp.swift */; };
		4351461229005C8700678882 /* ContentView.swift in Sources */ = {isa = PBXBuildFile; fileRef = 4351461129005C8700678882 /* ContentView.swift */; };
		4351461429005C8B00678882 /* Assets.xcassets in Resources */ = {isa = PBXBuildFile; fileRef = 4351461329005C8B00678882 /* Assets.xcassets */; };
		4351461729005C8B00678882 /* Preview Assets.xcassets in Resources */ = {isa = PBXBuildFile; fileRef = 4351461629005C8B00678882 /* Preview Assets.xcassets */; };
		4351461F2900795400678882 /* Launch Screen.storyboard in Resources */ = {isa = PBXBuildFile; fileRef = 4351461E2900795400678882 /* Launch Screen.storyboard */; };
		43514625290085BE00678882 /* AvocadosView.swift in Sources */ = {isa = PBXBuildFile; fileRef = 43514624290085BE00678882 /* AvocadosView.swift */; };
		43514627290085D400678882 /* RipeningStagesView.swift in Sources */ = {isa = PBXBuildFile; fileRef = 43514626290085D400678882 /* RipeningStagesView.swift */; };
		435146292900862100678882 /* SettingsView.swift in Sources */ = {isa = PBXBuildFile; fileRef = 435146282900862100678882 /* SettingsView.swift */; };
/* End PBXBuildFile section */

/* Begin PBXFileReference section */
		434CA201290087220033CBAF /* AppView.swift */ = {isa = PBXFileReference; lastKnownFileType = sourcecode.swift; path = AppView.swift; sourceTree = "<group>"; };
		434CA203290094150033CBAF /* HeaderView.swift */ = {isa = PBXFileReference; lastKnownFileType = sourcecode.swift; path = HeaderView.swift; sourceTree = "<group>"; };
		434CA2052901BB6A0033CBAF /* HeaderModel.swift */ = {isa = PBXFileReference; lastKnownFileType = sourcecode.swift; path = HeaderModel.swift; sourceTree = "<group>"; };
		434CA2072901BE000033CBAF /* HeaderData.swift */ = {isa = PBXFileReference; lastKnownFileType = sourcecode.swift; path = HeaderData.swift; sourceTree = "<group>"; };
		434CA2092901C0900033CBAF /* DishesView.swift */ = {isa = PBXFileReference; lastKnownFileType = sourcecode.swift; path = DishesView.swift; sourceTree = "<group>"; };
		434CA20B2901D7B90033CBAF /* FactsView.swift */ = {isa = PBXFileReference; lastKnownFileType = sourcecode.swift; path = FactsView.swift; sourceTree = "<group>"; };
		434CA20D2904242E0033CBAF /* FactModel.swift */ = {isa = PBXFileReference; lastKnownFileType = sourcecode.swift; path = FactModel.swift; sourceTree = "<group>"; };
		434CA20F290424EE0033CBAF /* FactData.swift */ = {isa = PBXFileReference; lastKnownFileType = sourcecode.swift; path = FactData.swift; sourceTree = "<group>"; };
		434CA211290427A70033CBAF /* RecipeModel.swift */ = {isa = PBXFileReference; lastKnownFileType = sourcecode.swift; path = RecipeModel.swift; sourceTree = "<group>"; };
		434CA213290428050033CBAF /* RecipeData.swift */ = {isa = PBXFileReference; lastKnownFileType = sourcecode.swift; path = RecipeData.swift; sourceTree = "<group>"; };
		434CA215290429900033CBAF /* RecipeCardView.swift */ = {isa = PBXFileReference; lastKnownFileType = sourcecode.swift; path = RecipeCardView.swift; sourceTree = "<group>"; };
		434CA2172904348B0033CBAF /* RecipeRatingView.swift */ = {isa = PBXFileReference; lastKnownFileType = sourcecode.swift; path = RecipeRatingView.swift; sourceTree = "<group>"; };
		434CA219290434EF0033CBAF /* RecipeCookingView.swift */ = {isa = PBXFileReference; lastKnownFileType = sourcecode.swift; path = RecipeCookingView.swift; sourceTree = "<group>"; };
		434CA21B290435550033CBAF /* RecipeDetailView.swift */ = {isa = PBXFileReference; lastKnownFileType = sourcecode.swift; path = RecipeDetailView.swift; sourceTree = "<group>"; };
		434CA21D290579250033CBAF /* RipeningView.swift */ = {isa = PBXFileReference; lastKnownFileType = sourcecode.swift; path = RipeningView.swift; sourceTree = "<group>"; };
		434CA21F29057EFC0033CBAF /* RipeningModel.swift */ = {isa = PBXFileReference; lastKnownFileType = sourcecode.swift; path = RipeningModel.swift; sourceTree = "<group>"; };
		434CA22129057F440033CBAF /* RipeningData.swift */ = {isa = PBXFileReference; lastKnownFileType = sourcecode.swift; path = RipeningData.swift; sourceTree = "<group>"; };
		4351460C29005C8700678882 /* Avocados.app */ = {isa = PBXFileReference; explicitFileType = wrapper.application; includeInIndex = 0; path = Avocados.app; sourceTree = BUILT_PRODUCTS_DIR; };
		4351460F29005C8700678882 /* AvocadosApp.swift */ = {isa = PBXFileReference; lastKnownFileType = sourcecode.swift; path = AvocadosApp.swift; sourceTree = "<group>"; };
		4351461129005C8700678882 /* ContentView.swift */ = {isa = PBXFileReference; lastKnownFileType = sourcecode.swift; path = ContentView.swift; sourceTree = "<group>"; };
		4351461329005C8B00678882 /* Assets.xcassets */ = {isa = PBXFileReference; lastKnownFileType = folder.assetcatalog; path = Assets.xcassets; sourceTree = "<group>"; };
		4351461629005C8B00678882 /* Preview Assets.xcassets */ = {isa = PBXFileReference; lastKnownFileType = folder.assetcatalog; path = "Preview Assets.xcassets"; sourceTree = "<group>"; };
		4351461D2900791600678882 /* Info.plist */ = {isa = PBXFileReference; lastKnownFileType = text.plist; path = Info.plist; sourceTree = "<group>"; };
		4351461E2900795400678882 /* Launch Screen.storyboard */ = {isa = PBXFileReference; lastKnownFileType = file.storyboard; path = "Launch Screen.storyboard"; sourceTree = "<group>"; };
		43514624290085BE00678882 /* AvocadosView.swift */ = {isa = PBXFileReference; lastKnownFileType = sourcecode.swift; path = AvocadosView.swift; sourceTree = "<group>"; };
		43514626290085D400678882 /* RipeningStagesView.swift */ = {isa = PBXFileReference; lastKnownFileType = sourcecode.swift; path = RipeningStagesView.swift; sourceTree = "<group>"; };
		435146282900862100678882 /* SettingsView.swift */ = {isa = PBXFileReference; lastKnownFileType = sourcecode.swift; path = SettingsView.swift; sourceTree = "<group>"; };
/* End PBXFileReference section */

/* Begin PBXFrameworksBuildPhase section */
		4351460929005C8700678882 /* Frameworks */ = {
			isa = PBXFrameworksBuildPhase;
			buildActionMask = 2147483647;
			files = (
			);
			runOnlyForDeploymentPostprocessing = 0;
		};
/* End PBXFrameworksBuildPhase section */

/* Begin PBXGroup section */
		4351460329005C8700678882 = {
			isa = PBXGroup;
			children = (
				4351460E29005C8700678882 /* Avocados */,
				4351460D29005C8700678882 /* Products */,
			);
			sourceTree = "<group>";
		};
		4351460D29005C8700678882 /* Products */ = {
			isa = PBXGroup;
			children = (
				4351460C29005C8700678882 /* Avocados.app */,
			);
			name = Products;
			sourceTree = "<group>";
		};
		4351460E29005C8700678882 /* Avocados */ = {
			isa = PBXGroup;
			children = (
				435146232900859100678882 /* View */,
				435146222900857D00678882 /* Model */,
				435146202900856100678882 /* Data */,
				4351461D2900791600678882 /* Info.plist */,
				4351460F29005C8700678882 /* AvocadosApp.swift */,
				4351461329005C8B00678882 /* Assets.xcassets */,
				4351461529005C8B00678882 /* Preview Content */,
				4351461E2900795400678882 /* Launch Screen.storyboard */,
			);
			path = Avocados;
			sourceTree = "<group>";
		};
		4351461529005C8B00678882 /* Preview Content */ = {
			isa = PBXGroup;
			children = (
				4351461629005C8B00678882 /* Preview Assets.xcassets */,
			);
			path = "Preview Content";
			sourceTree = "<group>";
		};
		435146202900856100678882 /* Data */ = {
			isa = PBXGroup;
			children = (
				434CA2072901BE000033CBAF /* HeaderData.swift */,
				434CA20F290424EE0033CBAF /* FactData.swift */,
				434CA213290428050033CBAF /* RecipeData.swift */,
				434CA22129057F440033CBAF /* RipeningData.swift */,
			);
			path = Data;
			sourceTree = "<group>";
		};
		435146222900857D00678882 /* Model */ = {
			isa = PBXGroup;
			children = (
				434CA2052901BB6A0033CBAF /* HeaderModel.swift */,
				434CA20D2904242E0033CBAF /* FactModel.swift */,
				434CA211290427A70033CBAF /* RecipeModel.swift */,
				434CA21F29057EFC0033CBAF /* RipeningModel.swift */,
			);
			path = Model;
			sourceTree = "<group>";
		};
		435146232900859100678882 /* View */ = {
			isa = PBXGroup;
			children = (
				4351461129005C8700678882 /* ContentView.swift */,
				43514624290085BE00678882 /* AvocadosView.swift */,
				43514626290085D400678882 /* RipeningStagesView.swift */,
				435146282900862100678882 /* SettingsView.swift */,
				434CA201290087220033CBAF /* AppView.swift */,
				434CA203290094150033CBAF /* HeaderView.swift */,
				434CA2092901C0900033CBAF /* DishesView.swift */,
				434CA20B2901D7B90033CBAF /* FactsView.swift */,
				434CA215290429900033CBAF /* RecipeCardView.swift */,
				434CA2172904348B0033CBAF /* RecipeRatingView.swift */,
				434CA219290434EF0033CBAF /* RecipeCookingView.swift */,
				434CA21B290435550033CBAF /* RecipeDetailView.swift */,
				434CA21D290579250033CBAF /* RipeningView.swift */,
			);
			path = View;
			sourceTree = "<group>";
		};
/* End PBXGroup section */

/* Begin PBXNativeTarget section */
		4351460B29005C8700678882 /* Avocados */ = {
			isa = PBXNativeTarget;
			buildConfigurationList = 4351461A29005C8B00678882 /* Build configuration list for PBXNativeTarget "Avocados" */;
			buildPhases = (
				4351460829005C8700678882 /* Sources */,
				4351460929005C8700678882 /* Frameworks */,
				4351460A29005C8700678882 /* Resources */,
			);
			buildRules = (
			);
			dependencies = (
			);
			name = Avocados;
			productName = Avocados;
			productReference = 4351460C29005C8700678882 /* Avocados.app */;
			productType = "com.apple.product-type.application";
		};
/* End PBXNativeTarget section */

/* Begin PBXProject section */
		4351460429005C8700678882 /* Project object */ = {
			isa = PBXProject;
			attributes = {
				BuildIndependentTargetsInParallel = 1;
				LastSwiftUpdateCheck = 1400;
				LastUpgradeCheck = 1400;
				TargetAttributes = {
					4351460B29005C8700678882 = {
						CreatedOnToolsVersion = 14.0.1;
					};
				};
			};
			buildConfigurationList = 4351460729005C8700678882 /* Build configuration list for PBXProject "Avocados" */;
			compatibilityVersion = "Xcode 14.0";
			developmentRegion = en;
			hasScannedForEncodings = 0;
			knownRegions = (
				en,
				Base,
			);
			mainGroup = 4351460329005C8700678882;
			productRefGroup = 4351460D29005C8700678882 /* Products */;
			projectDirPath = "";
			projectRoot = "";
			targets = (
				4351460B29005C8700678882 /* Avocados */,
			);
		};
/* End PBXProject section */

/* Begin PBXResourcesBuildPhase section */
		4351460A29005C8700678882 /* Resources */ = {
			isa = PBXResourcesBuildPhase;
			buildActionMask = 2147483647;
			files = (
				4351461F2900795400678882 /* Launch Screen.storyboard in Resources */,
				4351461729005C8B00678882 /* Preview Assets.xcassets in Resources */,
				4351461429005C8B00678882 /* Assets.xcassets in Resources */,
			);
			runOnlyForDeploymentPostprocessing = 0;
		};
/* End PBXResourcesBuildPhase section */

/* Begin PBXSourcesBuildPhase section */
		4351460829005C8700678882 /* Sources */ = {
			isa = PBXSourcesBuildPhase;
			buildActionMask = 2147483647;
			files = (
				4351461229005C8700678882 /* ContentView.swift in Sources */,
				434CA2182904348B0033CBAF /* RecipeRatingView.swift in Sources */,
				434CA22029057EFC0033CBAF /* RipeningModel.swift in Sources */,
				43514627290085D400678882 /* RipeningStagesView.swift in Sources */,
				434CA216290429900033CBAF /* RecipeCardView.swift in Sources */,
				434CA22229057F440033CBAF /* RipeningData.swift in Sources */,
				434CA202290087220033CBAF /* AppView.swift in Sources */,
				4351461029005C8700678882 /* AvocadosApp.swift in Sources */,
				43514625290085BE00678882 /* AvocadosView.swift in Sources */,
				435146292900862100678882 /* SettingsView.swift in Sources */,
				434CA2062901BB6A0033CBAF /* HeaderModel.swift in Sources */,
				434CA212290427A70033CBAF /* RecipeModel.swift in Sources */,
				434CA2082901BE000033CBAF /* HeaderData.swift in Sources */,
				434CA21A290434EF0033CBAF /* RecipeCookingView.swift in Sources */,
				434CA21E290579250033CBAF /* RipeningView.swift in Sources */,
				434CA20A2901C0900033CBAF /* DishesView.swift in Sources */,
				434CA20E2904242E0033CBAF /* FactModel.swift in Sources */,
				434CA20C2901D7B90033CBAF /* FactsView.swift in Sources */,
				434CA214290428050033CBAF /* RecipeData.swift in Sources */,
				434CA204290094150033CBAF /* HeaderView.swift in Sources */,
				434CA21C290435550033CBAF /* RecipeDetailView.swift in Sources */,
				434CA210290424EE0033CBAF /* FactData.swift in Sources */,
			);
			runOnlyForDeploymentPostprocessing = 0;
		};
/* End PBXSourcesBuildPhase section */

/* Begin XCBuildConfiguration section */
		4351461829005C8B00678882 /* Debug */ = {
			isa = XCBuildConfiguration;
			buildSettings = {
				ALWAYS_SEARCH_USER_PATHS = NO;
				CLANG_ANALYZER_NONNULL = YES;
				CLANG_ANALYZER_NUMBER_OBJECT_CONVERSION = YES_AGGRESSIVE;
				CLANG_CXX_LANGUAGE_STANDARD = "gnu++20";
				CLANG_ENABLE_MODULES = YES;
				CLANG_ENABLE_OBJC_ARC = YES;
				CLANG_ENABLE_OBJC_WEAK = YES;
				CLANG_WARN_BLOCK_CAPTURE_AUTORELEASING = YES;
				CLANG_WARN_BOOL_CONVERSION = YES;
				CLANG_WARN_COMMA = YES;
				CLANG_WARN_CONSTANT_CONVERSION = YES;
				CLANG_WARN_DEPRECATED_OBJC_IMPLEMENTATIONS = YES;
				CLANG_WARN_DIRECT_OBJC_ISA_USAGE = YES_ERROR;
				CLANG_WARN_DOCUMENTATION_COMMENTS = YES;
				CLANG_WARN_EMPTY_BODY = YES;
				CLANG_WARN_ENUM_CONVERSION = YES;
				CLANG_WARN_INFINITE_RECURSION = YES;
				CLANG_WARN_INT_CONVERSION = YES;
				CLANG_WARN_NON_LITERAL_NULL_CONVERSION = YES;
				CLANG_WARN_OBJC_IMPLICIT_RETAIN_SELF = YES;
				CLANG_WARN_OBJC_LITERAL_CONVERSION = YES;
				CLANG_WARN_OBJC_ROOT_CLASS = YES_ERROR;
				CLANG_WARN_QUOTED_INCLUDE_IN_FRAMEWORK_HEADER = YES;
				CLANG_WARN_RANGE_LOOP_ANALYSIS = YES;
				CLANG_WARN_STRICT_PROTOTYPES = YES;
				CLANG_WARN_SUSPICIOUS_MOVE = YES;
				CLANG_WARN_UNGUARDED_AVAILABILITY = YES_AGGRESSIVE;
				CLANG_WARN_UNREACHABLE_CODE = YES;
				CLANG_WARN__DUPLICATE_METHOD_MATCH = YES;
				COPY_PHASE_STRIP = NO;
				DEBUG_INFORMATION_FORMAT = dwarf;
				ENABLE_STRICT_OBJC_MSGSEND = YES;
				ENABLE_TESTABILITY = YES;
				GCC_C_LANGUAGE_STANDARD = gnu11;
				GCC_DYNAMIC_NO_PIC = NO;
				GCC_NO_COMMON_BLOCKS = YES;
				GCC_OPTIMIZATION_LEVEL = 0;
				GCC_PREPROCESSOR_DEFINITIONS = (
					"DEBUG=1",
					"$(inherited)",
				);
				GCC_WARN_64_TO_32_BIT_CONVERSION = YES;
				GCC_WARN_ABOUT_RETURN_TYPE = YES_ERROR;
				GCC_WARN_UNDECLARED_SELECTOR = YES;
				GCC_WARN_UNINITIALIZED_AUTOS = YES_AGGRESSIVE;
				GCC_WARN_UNUSED_FUNCTION = YES;
				GCC_WARN_UNUSED_VARIABLE = YES;
				IPHONEOS_DEPLOYMENT_TARGET = 16.0;
				MTL_ENABLE_DEBUG_INFO = INCLUDE_SOURCE;
				MTL_FAST_MATH = YES;
				ONLY_ACTIVE_ARCH = YES;
				SDKROOT = iphoneos;
				SWIFT_ACTIVE_COMPILATION_CONDITIONS = DEBUG;
				SWIFT_OPTIMIZATION_LEVEL = "-Onone";
			};
			name = Debug;
		};
		4351461929005C8B00678882 /* Release */ = {
			isa = XCBuildConfiguration;
			buildSettings = {
				ALWAYS_SEARCH_USER_PATHS = NO;
				CLANG_ANALYZER_NONNULL = YES;
				CLANG_ANALYZER_NUMBER_OBJECT_CONVERSION = YES_AGGRESSIVE;
				CLANG_CXX_LANGUAGE_STANDARD = "gnu++20";
				CLANG_ENABLE_MODULES = YES;
				CLANG_ENABLE_OBJC_ARC = YES;
				CLANG_ENABLE_OBJC_WEAK = YES;
				CLANG_WARN_BLOCK_CAPTURE_AUTORELEASING = YES;
				CLANG_WARN_BOOL_CONVERSION = YES;
				CLANG_WARN_COMMA = YES;
				CLANG_WARN_CONSTANT_CONVERSION = YES;
				CLANG_WARN_DEPRECATED_OBJC_IMPLEMENTATIONS = YES;
				CLANG_WARN_DIRECT_OBJC_ISA_USAGE = YES_ERROR;
				CLANG_WARN_DOCUMENTATION_COMMENTS = YES;
				CLANG_WARN_EMPTY_BODY = YES;
				CLANG_WARN_ENUM_CONVERSION = YES;
				CLANG_WARN_INFINITE_RECURSION = YES;
				CLANG_WARN_INT_CONVERSION = YES;
				CLANG_WARN_NON_LITERAL_NULL_CONVERSION = YES;
				CLANG_WARN_OBJC_IMPLICIT_RETAIN_SELF = YES;
				CLANG_WARN_OBJC_LITERAL_CONVERSION = YES;
				CLANG_WARN_OBJC_ROOT_CLASS = YES_ERROR;
				CLANG_WARN_QUOTED_INCLUDE_IN_FRAMEWORK_HEADER = YES;
				CLANG_WARN_RANGE_LOOP_ANALYSIS = YES;
				CLANG_WARN_STRICT_PROTOTYPES = YES;
				CLANG_WARN_SUSPICIOUS_MOVE = YES;
				CLANG_WARN_UNGUARDED_AVAILABILITY = YES_AGGRESSIVE;
				CLANG_WARN_UNREACHABLE_CODE = YES;
				CLANG_WARN__DUPLICATE_METHOD_MATCH = YES;
				COPY_PHASE_STRIP = NO;
				DEBUG_INFORMATION_FORMAT = "dwarf-with-dsym";
				ENABLE_NS_ASSERTIONS = NO;
				ENABLE_STRICT_OBJC_MSGSEND = YES;
				GCC_C_LANGUAGE_STANDARD = gnu11;
				GCC_NO_COMMON_BLOCKS = YES;
				GCC_WARN_64_TO_32_BIT_CONVERSION = YES;
				GCC_WARN_ABOUT_RETURN_TYPE = YES_ERROR;
				GCC_WARN_UNDECLARED_SELECTOR = YES;
				GCC_WARN_UNINITIALIZED_AUTOS = YES_AGGRESSIVE;
				GCC_WARN_UNUSED_FUNCTION = YES;
				GCC_WARN_UNUSED_VARIABLE = YES;
				IPHONEOS_DEPLOYMENT_TARGET = 16.0;
				MTL_ENABLE_DEBUG_INFO = NO;
				MTL_FAST_MATH = YES;
				SDKROOT = iphoneos;
				SWIFT_COMPILATION_MODE = wholemodule;
				SWIFT_OPTIMIZATION_LEVEL = "-O";
				VALIDATE_PRODUCT = YES;
			};
			name = Release;
		};
		4351461B29005C8B00678882 /* Debug */ = {
			isa = XCBuildConfiguration;
			buildSettings = {
				ASSETCATALOG_COMPILER_APPICON_NAME = AppIcon;
				ASSETCATALOG_COMPILER_GLOBAL_ACCENT_COLOR_NAME = AccentColor;
				CODE_SIGN_STYLE = Automatic;
				CURRENT_PROJECT_VERSION = 1;
				DEVELOPMENT_ASSET_PATHS = "\"Avocados/Preview Content\"";
				DEVELOPMENT_TEAM = LFY87ELKXJ;
				ENABLE_PREVIEWS = YES;
				GENERATE_INFOPLIST_FILE = YES;
				INFOPLIST_FILE = Avocados/Info.plist;
				INFOPLIST_KEY_UIApplicationSceneManifest_Generation = YES;
				INFOPLIST_KEY_UIApplicationSupportsIndirectInputEvents = YES;
				INFOPLIST_KEY_UILaunchStoryboardName = "Launch Screen.storyboard";
				INFOPLIST_KEY_UISupportedInterfaceOrientations = UIInterfaceOrientationPortrait;
				LD_RUNPATH_SEARCH_PATHS = (
					"$(inherited)",
					"@executable_path/Frameworks",
				);
				MARKETING_VERSION = 1.0;
				PRODUCT_BUNDLE_IDENTIFIER = com.patmasterson.Avocados;
				PRODUCT_NAME = "$(TARGET_NAME)";
				SWIFT_EMIT_LOC_STRINGS = YES;
				SWIFT_VERSION = 5.0;
				TARGETED_DEVICE_FAMILY = "1,2";
			};
			name = Debug;
		};
		4351461C29005C8B00678882 /* Release */ = {
			isa = XCBuildConfiguration;
			buildSettings = {
				ASSETCATALOG_COMPILER_APPICON_NAME = AppIcon;
				ASSETCATALOG_COMPILER_GLOBAL_ACCENT_COLOR_NAME = AccentColor;
				CODE_SIGN_STYLE = Automatic;
				CURRENT_PROJECT_VERSION = 1;
				DEVELOPMENT_ASSET_PATHS = "\"Avocados/Preview Content\"";
				DEVELOPMENT_TEAM = LFY87ELKXJ;
				ENABLE_PREVIEWS = YES;
				GENERATE_INFOPLIST_FILE = YES;
				INFOPLIST_FILE = Avocados/Info.plist;
				INFOPLIST_KEY_UIApplicationSceneManifest_Generation = YES;
				INFOPLIST_KEY_UIApplicationSupportsIndirectInputEvents = YES;
				INFOPLIST_KEY_UILaunchStoryboardName = "Launch Screen.storyboard";
				INFOPLIST_KEY_UISupportedInterfaceOrientations = UIInterfaceOrientationPortrait;
				LD_RUNPATH_SEARCH_PATHS = (
					"$(inherited)",
					"@executable_path/Frameworks",
				);
				MARKETING_VERSION = 1.0;
				PRODUCT_BUNDLE_IDENTIFIER = com.patmasterson.Avocados;
				PRODUCT_NAME = "$(TARGET_NAME)";
				SWIFT_EMIT_LOC_STRINGS = YES;
				SWIFT_VERSION = 5.0;
				TARGETED_DEVICE_FAMILY = "1,2";
			};
			name = Release;
		};
/* End XCBuildConfiguration section */

/* Begin XCConfigurationList section */
		4351460729005C8700678882 /* Build configuration list for PBXProject "Avocados" */ = {
			isa = XCConfigurationList;
			buildConfigurations = (
				4351461829005C8B00678882 /* Debug */,
				4351461929005C8B00678882 /* Release */,
			);
			defaultConfigurationIsVisible = 0;
			defaultConfigurationName = Release;
		};
		4351461A29005C8B00678882 /* Build configuration list for PBXNativeTarget "Avocados" */ = {
			isa = XCConfigurationList;
			buildConfigurations = (
				4351461B29005C8B00678882 /* Debug */,
				4351461C29005C8B00678882 /* Release */,
			);
			defaultConfigurationIsVisible = 0;
			defaultConfigurationName = Release;
		};
/* End XCConfigurationList section */
	};
	rootObject = 4351460429005C8700678882 /* Project object */;
}
